
Microsoft Visual Studio Solution File, Format Version 12.00
# Visual Studio 15
VisualStudioVersion = 15.0.28307.136
MinimumVisualStudioVersion = 10.0.40219.1
Project("{8BC9CEB8-8B4A-11D0-8D11-00A0C91BC942}") = "Functions2", "Functions2\Functions2.vcxproj", "{5DE7F1C1-D10A-475F-A0FB-8B7FE3AE099A}"
EndProject
Global
	GlobalSection(SolutionConfigurationPlatforms) = preSolution
		Debug|x64 = Debug|x64
		Debug|x86 = Debug|x86
		Release|x64 = Release|x64
		Release|x86 = Release|x86
	EndGlobalSection
	GlobalSection(ProjectConfigurationPlatforms) = postSolution
		{5DE7F1C1-D10A-475F-A0FB-8B7FE3AE099A}.Debug|x64.ActiveCfg = Debug|x64
		{5DE7F1C1-D10A-475F-A0FB-8B7FE3AE099A}.Debug|x64.Build.0 = Debug|x64
		{5DE7F1C1-D10A-475F-A0FB-8B7FE3AE099A}.Debug|x86.ActiveCfg = Debug|Win32
		{5DE7F1C1-D10A-475F-A0FB-8B7FE3AE099A}.Debug|x86.Build.0 = Debug|Win32
		{5DE7F1C1-D10A-475F-A0FB-8B7FE3AE099A}.Release|x64.ActiveCfg = Release|x64
		{5DE7F1C1-D10A-475F-A0FB-8B7FE3AE099A}.Release|x64.Build.0 = Release|x64
		{5DE7F1C1-D10A-475F-A0FB-8B7FE3AE099A}.Release|x86.ActiveCfg = Release|Win32
		{5DE7F1C1-D10A-475F-A0FB-8B7FE3AE099A}.Release|x86.Build.0 = Release|Win32
	EndGlobalSection
	GlobalSection(SolutionProperties) = preSolution
		HideSolutionNode = FALSE
	EndGlobalSection
	GlobalSection(ExtensibilityGlobals) = postSolution
		SolutionGuid = {9B5B31F2-711E-4604-B08B-17E8A3CEB373}
	EndGlobalSection
EndGlobal
