
Microsoft Visual Studio Solution File, Format Version 12.00
# Visual Studio 15
VisualStudioVersion = 15.0.28307.168
MinimumVisualStudioVersion = 10.0.40219.1
Project("{8BC9CEB8-8B4A-11D0-8D11-00A0C91BC942}") = "pointers2", "pointers2\pointers2.vcxproj", "{8702FD86-3C7F-4584-B65B-56FCE5325771}"
EndProject
Global
	GlobalSection(SolutionConfigurationPlatforms) = preSolution
		Debug|x64 = Debug|x64
		Debug|x86 = Debug|x86
		Release|x64 = Release|x64
		Release|x86 = Release|x86
	EndGlobalSection
	GlobalSection(ProjectConfigurationPlatforms) = postSolution
		{8702FD86-3C7F-4584-B65B-56FCE5325771}.Debug|x64.ActiveCfg = Debug|x64
		{8702FD86-3C7F-4584-B65B-56FCE5325771}.Debug|x64.Build.0 = Debug|x64
		{8702FD86-3C7F-4584-B65B-56FCE5325771}.Debug|x86.ActiveCfg = Debug|Win32
		{8702FD86-3C7F-4584-B65B-56FCE5325771}.Debug|x86.Build.0 = Debug|Win32
		{8702FD86-3C7F-4584-B65B-56FCE5325771}.Release|x64.ActiveCfg = Release|x64
		{8702FD86-3C7F-4584-B65B-56FCE5325771}.Release|x64.Build.0 = Release|x64
		{8702FD86-3C7F-4584-B65B-56FCE5325771}.Release|x86.ActiveCfg = Release|Win32
		{8702FD86-3C7F-4584-B65B-56FCE5325771}.Release|x86.Build.0 = Release|Win32
	EndGlobalSection
	GlobalSection(SolutionProperties) = preSolution
		HideSolutionNode = FALSE
	EndGlobalSection
	GlobalSection(ExtensibilityGlobals) = postSolution
		SolutionGuid = {71F76FC1-C783-40F2-8BA2-6D4C728EA080}
	EndGlobalSection
EndGlobal
